// !$*UTF8*$!
{
	archiveVersion = 1;
	classes = {
	};
	objectVersion = 55;
	objects = {

/* Begin PBXBuildFile section */
		229DF33E3B74A480436A3DCC /* Pods_StorageService.framework in Frameworks */ = {isa = PBXBuildFile; fileRef = 33F0B5924E81DC562A6F1D92 /* Pods_StorageService.framework */; };
		5330A5035B8438C69BF3CD9B /* Pods_Industrial.framework in Frameworks */ = {isa = PBXBuildFile; fileRef = 1B7F808191D6C47BE9A555A3 /* Pods_Industrial.framework */; };
		CE02BA5B28AE9D8E0084C663 /* CustomButton.swift in Sources */ = {isa = PBXBuildFile; fileRef = CE02BA5A28AE9D8E0084C663 /* CustomButton.swift */; };
		CE02BA5E28AF85480084C663 /* FeedModel.swift in Sources */ = {isa = PBXBuildFile; fileRef = CE02BA5D28AF85480084C663 /* FeedModel.swift */; };
		CE094ACA27CFA1860076C5A8 /* ProfileHeaderView.swift in Sources */ = {isa = PBXBuildFile; fileRef = CE094AC927CFA1860076C5A8 /* ProfileHeaderView.swift */; };
		CE094ACE27CFA1F20076C5A8 /* ProfileViewController.swift in Sources */ = {isa = PBXBuildFile; fileRef = CE094ACD27CFA1F20076C5A8 /* ProfileViewController.swift */; };
		CE0E1D44294A448600AFA1D9 /* Realm in Frameworks */ = {isa = PBXBuildFile; productRef = CE0E1D43294A448600AFA1D9 /* Realm */; };
		CE0E1D46294A448600AFA1D9 /* RealmSwift in Frameworks */ = {isa = PBXBuildFile; productRef = CE0E1D45294A448600AFA1D9 /* RealmSwift */; };
		CE0E1D4A294DA65A00AFA1D9 /* LoginRealmModel.swift in Sources */ = {isa = PBXBuildFile; fileRef = CE0E1D49294DA65A00AFA1D9 /* LoginRealmModel.swift */; };
		CE6F109E28F893F100DDCB67 /* JasonModel.swift in Sources */ = {isa = PBXBuildFile; fileRef = CE6F109D28F893F100DDCB67 /* JasonModel.swift */; };
		CE75098A289826D1004F76B6 /* User.swift in Sources */ = {isa = PBXBuildFile; fileRef = CE750989289826D1004F76B6 /* User.swift */; };
		CE89E04228F41E10007F321E /* NetworkService.swift in Sources */ = {isa = PBXBuildFile; fileRef = CE89E04128F41E10007F321E /* NetworkService.swift */; };
		CE93B66A28FFF9F100B7E7FA /* GoogleService-Info.plist in Resources */ = {isa = PBXBuildFile; fileRef = CE93B66928FFF9F000B7E7FA /* GoogleService-Info.plist */; };
		CE93B66C2900596100B7E7FA /* CheckerService.swift in Sources */ = {isa = PBXBuildFile; fileRef = CE93B66B2900596100B7E7FA /* CheckerService.swift */; };
		CE9E34E1293CA73800FC1428 /* PasswordView.swift in Sources */ = {isa = PBXBuildFile; fileRef = CE9E34E0293CA73800FC1428 /* PasswordView.swift */; };
		CE9E34E3293CABB800FC1428 /* SettingsTableViewController.swift in Sources */ = {isa = PBXBuildFile; fileRef = CE9E34E2293CABB800FC1428 /* SettingsTableViewController.swift */; };
		CEB1845829675DF000A26EF7 /* Industrial.xcdatamodeld in Sources */ = {isa = PBXBuildFile; fileRef = CEB1845629675DF000A26EF7 /* Industrial.xcdatamodeld */; };
		CEB1845B296AF22400A26EF7 /* FavoritesCell.swift in Sources */ = {isa = PBXBuildFile; fileRef = CEB1845A296AF22400A26EF7 /* FavoritesCell.swift */; };
		CEB1845F296B3C1400A26EF7 /* FavoritesTableViewController.swift in Sources */ = {isa = PBXBuildFile; fileRef = CEB1845E296B3C1400A26EF7 /* FavoritesTableViewController.swift */; };
		CEB18461296B565600A26EF7 /* FavoritesCoreData.swift in Sources */ = {isa = PBXBuildFile; fileRef = CEB18460296B565600A26EF7 /* FavoritesCoreData.swift */; };
		CEB18463296C8FE000A26EF7 /* PostFavExtension.swift in Sources */ = {isa = PBXBuildFile; fileRef = CEB18462296C8FE000A26EF7 /* PostFavExtension.swift */; };
		CEBC07CA2822CE50009B3AC4 /* PostTableViewCell.swift in Sources */ = {isa = PBXBuildFile; fileRef = CEBC07C92822CE50009B3AC4 /* PostTableViewCell.swift */; };
		CEC0B89C283C00CC00041DC5 /* Photos.swift in Sources */ = {isa = PBXBuildFile; fileRef = CEC0B89B283C00CC00041DC5 /* Photos.swift */; };
		CEC171D6280C60F200C0B95E /* LogInViewController.swift in Sources */ = {isa = PBXBuildFile; fileRef = CEC171D5280C60F200C0B95E /* LogInViewController.swift */; };
		CEC254A028B76ABE00FD6852 /* MainCoordinator.swift in Sources */ = {isa = PBXBuildFile; fileRef = CEC2549F28B76ABE00FD6852 /* MainCoordinator.swift */; };
		CEC254A328B76BDC00FD6852 /* MainTabBarController.swift in Sources */ = {isa = PBXBuildFile; fileRef = CEC254A228B76BDC00FD6852 /* MainTabBarController.swift */; };
		CEC254A528B76CA300FD6852 /* NavControllerFactory.swift in Sources */ = {isa = PBXBuildFile; fileRef = CEC254A428B76CA300FD6852 /* NavControllerFactory.swift */; };
		CEC254A728B777DD00FD6852 /* FeedCoordinator.swift in Sources */ = {isa = PBXBuildFile; fileRef = CEC254A628B777DD00FD6852 /* FeedCoordinator.swift */; };
		CEC254A928B777F500FD6852 /* ProfileCoordinator.swift in Sources */ = {isa = PBXBuildFile; fileRef = CEC254A828B777F500FD6852 /* ProfileCoordinator.swift */; };
		CEC254AB28B7905100FD6852 /* ViewControllerFactory.swift in Sources */ = {isa = PBXBuildFile; fileRef = CEC254AA28B7905100FD6852 /* ViewControllerFactory.swift */; };
		CEC254AC28BAA24500FD6852 /* Post.swift in Sources */ = {isa = PBXBuildFile; fileRef = CECAF5FC28316D7C00258110 /* Post.swift */; };
		CEC254AF28BAA2C800FD6852 /* FeedViewModel.swift in Sources */ = {isa = PBXBuildFile; fileRef = CEC254AE28BAA2C800FD6852 /* FeedViewModel.swift */; };
		CEC254B128BDEE9700FD6852 /* PostViewModel.swift in Sources */ = {isa = PBXBuildFile; fileRef = CEC254B028BDEE9700FD6852 /* PostViewModel.swift */; };
		CEC254B328BDEFE700FD6852 /* InfoViewModel.swift in Sources */ = {isa = PBXBuildFile; fileRef = CEC254B228BDEFE700FD6852 /* InfoViewModel.swift */; };
		CEC5B094289C2AAA0018A46D /* UserService.swift in Sources */ = {isa = PBXBuildFile; fileRef = CEC5B093289C2AA90018A46D /* UserService.swift */; };
		CEC5B096289C2AE10018A46D /* TestUserService.swift in Sources */ = {isa = PBXBuildFile; fileRef = CEC5B095289C2AE10018A46D /* TestUserService.swift */; };
		CEC5B098289C2C050018A46D /* CurrentUserService.swift in Sources */ = {isa = PBXBuildFile; fileRef = CEC5B097289C2C050018A46D /* CurrentUserService.swift */; };
		CEC7D2F7290D5F460013E18D /* FileManagerTableViewController.swift in Sources */ = {isa = PBXBuildFile; fileRef = CEC7D2F6290D5F460013E18D /* FileManagerTableViewController.swift */; };
		CEC8627928CA241800799361 /* BruteForce.swift in Sources */ = {isa = PBXBuildFile; fileRef = CEC8627828CA241800799361 /* BruteForce.swift */; };
		CEC8627B28CA273000799361 /* GenerateRandomPassword.swift in Sources */ = {isa = PBXBuildFile; fileRef = CEC8627A28CA273000799361 /* GenerateRandomPassword.swift */; };
		CECA1FDB28814911000595A4 /* StorageService.h in Headers */ = {isa = PBXBuildFile; fileRef = CECA1FDA28814911000595A4 /* StorageService.h */; settings = {ATTRIBUTES = (Public, ); }; };
		CECA1FDE28814911000595A4 /* StorageService.framework in Frameworks */ = {isa = PBXBuildFile; fileRef = CECA1FD828814910000595A4 /* StorageService.framework */; };
		CECA1FDF28814911000595A4 /* StorageService.framework in Embed Frameworks */ = {isa = PBXBuildFile; fileRef = CECA1FD828814910000595A4 /* StorageService.framework */; settings = {ATTRIBUTES = (CodeSignOnCopy, RemoveHeadersOnCopy, ); }; };
		CECA8712293E4DDF004CB840 /* CustomAlert.swift in Sources */ = {isa = PBXBuildFile; fileRef = CECA8711293E4DDF004CB840 /* CustomAlert.swift */; };
		CECAF60328367EE700258110 /* PhotosTableViewCell.swift in Sources */ = {isa = PBXBuildFile; fileRef = CECAF60228367EE700258110 /* PhotosTableViewCell.swift */; };
		CECAF6052837CCCF00258110 /* PhotosViewController.swift in Sources */ = {isa = PBXBuildFile; fileRef = CECAF6042837CCCF00258110 /* PhotosViewController.swift */; };
		CECAF6072837D9CC00258110 /* PhotosCollectionViewCell.swift in Sources */ = {isa = PBXBuildFile; fileRef = CECAF6062837D9CC00258110 /* PhotosCollectionViewCell.swift */; };
		CECCC81728FF096F00BEAC28 /* FirebaseAnalytics in Frameworks */ = {isa = PBXBuildFile; productRef = CECCC81628FF096F00BEAC28 /* FirebaseAnalytics */; };
		CECCC81928FF096F00BEAC28 /* FirebaseAuth in Frameworks */ = {isa = PBXBuildFile; productRef = CECCC81828FF096F00BEAC28 /* FirebaseAuth */; };
		CECCC81B28FF096F00BEAC28 /* FirebaseCrashlytics in Frameworks */ = {isa = PBXBuildFile; productRef = CECCC81A28FF096F00BEAC28 /* FirebaseCrashlytics */; };
		CECCC81D28FF096F00BEAC28 /* FirebaseDatabase in Frameworks */ = {isa = PBXBuildFile; productRef = CECCC81C28FF096F00BEAC28 /* FirebaseDatabase */; };
		CECCC81F28FF096F00BEAC28 /* FirebaseFirestore in Frameworks */ = {isa = PBXBuildFile; productRef = CECCC81E28FF096F00BEAC28 /* FirebaseFirestore */; };
		CECCC82128FF096F00BEAC28 /* FirebaseStorage in Frameworks */ = {isa = PBXBuildFile; productRef = CECCC82028FF096F00BEAC28 /* FirebaseStorage */; };
		CECD182C27B83C8B00D89B3F /* AppDelegate.swift in Sources */ = {isa = PBXBuildFile; fileRef = CECD182B27B83C8B00D89B3F /* AppDelegate.swift */; };
		CECD183527B83C9000D89B3F /* Assets.xcassets in Resources */ = {isa = PBXBuildFile; fileRef = CECD183427B83C9000D89B3F /* Assets.xcassets */; };
		CECD183827B83C9000D89B3F /* LaunchScreen.storyboard in Resources */ = {isa = PBXBuildFile; fileRef = CECD183627B83C9000D89B3F /* LaunchScreen.storyboard */; };
		CECD184027BAE36400D89B3F /* FeedViewController.swift in Sources */ = {isa = PBXBuildFile; fileRef = CECD183F27BAE36400D89B3F /* FeedViewController.swift */; };
		CECD184427BC401600D89B3F /* PostViewController.swift in Sources */ = {isa = PBXBuildFile; fileRef = CECD184327BC401600D89B3F /* PostViewController.swift */; };
		CECD184627C16E1A00D89B3F /* InfoViewController.swift in Sources */ = {isa = PBXBuildFile; fileRef = CECD184527C16E1900D89B3F /* InfoViewController.swift */; };
		CED0730128A813AD00DE68DD /* Checker.swift in Sources */ = {isa = PBXBuildFile; fileRef = CED0730028A813AD00DE68DD /* Checker.swift */; };
		CED0730328A8173200DE68DD /* LoginInspector.swift in Sources */ = {isa = PBXBuildFile; fileRef = CED0730228A8173200DE68DD /* LoginInspector.swift */; };
		CED0730728A920AD00DE68DD /* LoginFactory.swift in Sources */ = {isa = PBXBuildFile; fileRef = CED0730628A920AD00DE68DD /* LoginFactory.swift */; };
		CED0730928A9212600DE68DD /* MyLoginFactory.swift in Sources */ = {isa = PBXBuildFile; fileRef = CED0730828A9212600DE68DD /* MyLoginFactory.swift */; };
		CED0730C28AA901D00DE68DD /* iOSIntPackage in Frameworks */ = {isa = PBXBuildFile; productRef = CED0730B28AA901D00DE68DD /* iOSIntPackage */; };
		CEDE0BC728DED73800BD3C7C /* ProfileModel.swift in Sources */ = {isa = PBXBuildFile; fileRef = CEDE0BC628DED73800BD3C7C /* ProfileModel.swift */; };
		CEDF761129841BBC002A1267 /* MapViewController.swift in Sources */ = {isa = PBXBuildFile; fileRef = CEDF761029841BBC002A1267 /* MapViewController.swift */; };
		CEEC4A2D298AB4C400CDE39B /* Localizable.strings in Resources */ = {isa = PBXBuildFile; fileRef = CEEC4A2F298AB4C400CDE39B /* Localizable.strings */; };
		CEEC4A34298AB55100CDE39B /* ExtensionForLocalizing.swift in Sources */ = {isa = PBXBuildFile; fileRef = CEEC4A33298AB55100CDE39B /* ExtensionForLocalizing.swift */; };
		CEEC4A39298BBF2700CDE39B /* Localizable.stringsdict in Resources */ = {isa = PBXBuildFile; fileRef = CEEC4A3B298BBF2700CDE39B /* Localizable.stringsdict */; };
/* End PBXBuildFile section */

/* Begin PBXContainerItemProxy section */
		CEB1846A296C998D00A26EF7 /* PBXContainerItemProxy */ = {
			isa = PBXContainerItemProxy;
			containerPortal = CEB18464296C998C00A26EF7 /* Pods.xcodeproj */;
			proxyType = 2;
			remoteGlobalIDString = 67BBBA4E1876880819C48219E056EEA6;
			remoteInfo = "Pods-Industrial";
		};
		CEB1846C296C998D00A26EF7 /* PBXContainerItemProxy */ = {
			isa = PBXContainerItemProxy;
			containerPortal = CEB18464296C998C00A26EF7 /* Pods.xcodeproj */;
			proxyType = 2;
			remoteGlobalIDString = 14FE66AD7513DA1D4353206DB8339C9E;
			remoteInfo = "Pods-StorageService";
		};
		CEB1846E296C998D00A26EF7 /* PBXContainerItemProxy */ = {
			isa = PBXContainerItemProxy;
			containerPortal = CEB18464296C998C00A26EF7 /* Pods.xcodeproj */;
			proxyType = 2;
			remoteGlobalIDString = 979486118B3E90C08386079D57962701;
			remoteInfo = SnapKit;
		};
		CECA1FDC28814911000595A4 /* PBXContainerItemProxy */ = {
			isa = PBXContainerItemProxy;
			containerPortal = CECD182027B83C8B00D89B3F /* Project object */;
			proxyType = 1;
			remoteGlobalIDString = CECA1FD728814910000595A4;
			remoteInfo = StorageService;
		};
/* End PBXContainerItemProxy section */

/* Begin PBXCopyFilesBuildPhase section */
		CECA1FE328814911000595A4 /* Embed Frameworks */ = {
			isa = PBXCopyFilesBuildPhase;
			buildActionMask = 2147483647;
			dstPath = "";
			dstSubfolderSpec = 10;
			files = (
				CECA1FDF28814911000595A4 /* StorageService.framework in Embed Frameworks */,
			);
			name = "Embed Frameworks";
			runOnlyForDeploymentPostprocessing = 0;
		};
/* End PBXCopyFilesBuildPhase section */

/* Begin PBXFileReference section */
		1B7F808191D6C47BE9A555A3 /* Pods_Industrial.framework */ = {isa = PBXFileReference; explicitFileType = wrapper.framework; includeInIndex = 0; path = Pods_Industrial.framework; sourceTree = BUILT_PRODUCTS_DIR; };
		21A0F5B5F879BF4D2A066533 /* Pods-StorageService.release.xcconfig */ = {isa = PBXFileReference; includeInIndex = 1; lastKnownFileType = text.xcconfig; name = "Pods-StorageService.release.xcconfig"; path = "Target Support Files/Pods-StorageService/Pods-StorageService.release.xcconfig"; sourceTree = "<group>"; };
		2215E92831FD4E6C71E3A7D1 /* Pods-Industrial.debug.xcconfig */ = {isa = PBXFileReference; includeInIndex = 1; lastKnownFileType = text.xcconfig; name = "Pods-Industrial.debug.xcconfig"; path = "Target Support Files/Pods-Industrial/Pods-Industrial.debug.xcconfig"; sourceTree = "<group>"; };
		33F0B5924E81DC562A6F1D92 /* Pods_StorageService.framework */ = {isa = PBXFileReference; explicitFileType = wrapper.framework; includeInIndex = 0; path = Pods_StorageService.framework; sourceTree = BUILT_PRODUCTS_DIR; };
		A6F69F3405C09525E009341F /* Pods-StorageService.debug.xcconfig */ = {isa = PBXFileReference; includeInIndex = 1; lastKnownFileType = text.xcconfig; name = "Pods-StorageService.debug.xcconfig"; path = "Target Support Files/Pods-StorageService/Pods-StorageService.debug.xcconfig"; sourceTree = "<group>"; };
		B58226E1E15DBDED37C7A6EB /* Pods-Industrial.release.xcconfig */ = {isa = PBXFileReference; includeInIndex = 1; lastKnownFileType = text.xcconfig; name = "Pods-Industrial.release.xcconfig"; path = "Target Support Files/Pods-Industrial/Pods-Industrial.release.xcconfig"; sourceTree = "<group>"; };
		CE02BA5A28AE9D8E0084C663 /* CustomButton.swift */ = {isa = PBXFileReference; lastKnownFileType = sourcecode.swift; path = CustomButton.swift; sourceTree = "<group>"; };
		CE02BA5D28AF85480084C663 /* FeedModel.swift */ = {isa = PBXFileReference; lastKnownFileType = sourcecode.swift; path = FeedModel.swift; sourceTree = "<group>"; };
		CE094AC927CFA1860076C5A8 /* ProfileHeaderView.swift */ = {isa = PBXFileReference; lastKnownFileType = sourcecode.swift; path = ProfileHeaderView.swift; sourceTree = "<group>"; };
		CE094ACD27CFA1F20076C5A8 /* ProfileViewController.swift */ = {isa = PBXFileReference; lastKnownFileType = sourcecode.swift; path = ProfileViewController.swift; sourceTree = "<group>"; };
		CE0E1D49294DA65A00AFA1D9 /* LoginRealmModel.swift */ = {isa = PBXFileReference; lastKnownFileType = sourcecode.swift; path = LoginRealmModel.swift; sourceTree = "<group>"; };
		CE6F109D28F893F100DDCB67 /* JasonModel.swift */ = {isa = PBXFileReference; lastKnownFileType = sourcecode.swift; path = JasonModel.swift; sourceTree = "<group>"; };
		CE750989289826D1004F76B6 /* User.swift */ = {isa = PBXFileReference; lastKnownFileType = sourcecode.swift; path = User.swift; sourceTree = "<group>"; };
		CE89E04128F41E10007F321E /* NetworkService.swift */ = {isa = PBXFileReference; lastKnownFileType = sourcecode.swift; path = NetworkService.swift; sourceTree = "<group>"; };
		CE93B66928FFF9F000B7E7FA /* GoogleService-Info.plist */ = {isa = PBXFileReference; lastKnownFileType = text.plist; name = "GoogleService-Info.plist"; path = "Industrial/GoogleService-Info.plist"; sourceTree = SOURCE_ROOT; };
		CE93B66B2900596100B7E7FA /* CheckerService.swift */ = {isa = PBXFileReference; lastKnownFileType = sourcecode.swift; path = CheckerService.swift; sourceTree = "<group>"; };
		CE9E34E0293CA73800FC1428 /* PasswordView.swift */ = {isa = PBXFileReference; lastKnownFileType = sourcecode.swift; path = PasswordView.swift; sourceTree = "<group>"; };
		CE9E34E2293CABB800FC1428 /* SettingsTableViewController.swift */ = {isa = PBXFileReference; lastKnownFileType = sourcecode.swift; path = SettingsTableViewController.swift; sourceTree = "<group>"; };
		CEB1845729675DF000A26EF7 /* Industrial.xcdatamodel */ = {isa = PBXFileReference; lastKnownFileType = wrapper.xcdatamodel; path = Industrial.xcdatamodel; sourceTree = "<group>"; };
		CEB1845A296AF22400A26EF7 /* FavoritesCell.swift */ = {isa = PBXFileReference; lastKnownFileType = sourcecode.swift; path = FavoritesCell.swift; sourceTree = "<group>"; };
		CEB1845E296B3C1400A26EF7 /* FavoritesTableViewController.swift */ = {isa = PBXFileReference; lastKnownFileType = sourcecode.swift; path = FavoritesTableViewController.swift; sourceTree = "<group>"; };
		CEB18460296B565600A26EF7 /* FavoritesCoreData.swift */ = {isa = PBXFileReference; lastKnownFileType = sourcecode.swift; path = FavoritesCoreData.swift; sourceTree = "<group>"; };
		CEB18462296C8FE000A26EF7 /* PostFavExtension.swift */ = {isa = PBXFileReference; lastKnownFileType = sourcecode.swift; path = PostFavExtension.swift; sourceTree = "<group>"; };
		CEB18464296C998C00A26EF7 /* Pods.xcodeproj */ = {isa = PBXFileReference; lastKnownFileType = "wrapper.pb-project"; name = Pods.xcodeproj; path = ../../Pods/Pods.xcodeproj; sourceTree = "<group>"; };
		CEBC07C92822CE50009B3AC4 /* PostTableViewCell.swift */ = {isa = PBXFileReference; lastKnownFileType = sourcecode.swift; path = PostTableViewCell.swift; sourceTree = "<group>"; };
		CEC0B89B283C00CC00041DC5 /* Photos.swift */ = {isa = PBXFileReference; lastKnownFileType = sourcecode.swift; path = Photos.swift; sourceTree = "<group>"; };
		CEC171D5280C60F200C0B95E /* LogInViewController.swift */ = {isa = PBXFileReference; lastKnownFileType = sourcecode.swift; path = LogInViewController.swift; sourceTree = "<group>"; };
		CEC2549F28B76ABE00FD6852 /* MainCoordinator.swift */ = {isa = PBXFileReference; lastKnownFileType = sourcecode.swift; path = MainCoordinator.swift; sourceTree = "<group>"; };
		CEC254A228B76BDC00FD6852 /* MainTabBarController.swift */ = {isa = PBXFileReference; lastKnownFileType = sourcecode.swift; path = MainTabBarController.swift; sourceTree = "<group>"; };
		CEC254A428B76CA300FD6852 /* NavControllerFactory.swift */ = {isa = PBXFileReference; lastKnownFileType = sourcecode.swift; path = NavControllerFactory.swift; sourceTree = "<group>"; };
		CEC254A628B777DD00FD6852 /* FeedCoordinator.swift */ = {isa = PBXFileReference; lastKnownFileType = sourcecode.swift; path = FeedCoordinator.swift; sourceTree = "<group>"; };
		CEC254A828B777F500FD6852 /* ProfileCoordinator.swift */ = {isa = PBXFileReference; lastKnownFileType = sourcecode.swift; path = ProfileCoordinator.swift; sourceTree = "<group>"; };
		CEC254AA28B7905100FD6852 /* ViewControllerFactory.swift */ = {isa = PBXFileReference; lastKnownFileType = sourcecode.swift; path = ViewControllerFactory.swift; sourceTree = "<group>"; };
		CEC254AE28BAA2C800FD6852 /* FeedViewModel.swift */ = {isa = PBXFileReference; lastKnownFileType = sourcecode.swift; path = FeedViewModel.swift; sourceTree = "<group>"; };
		CEC254B028BDEE9700FD6852 /* PostViewModel.swift */ = {isa = PBXFileReference; lastKnownFileType = sourcecode.swift; path = PostViewModel.swift; sourceTree = "<group>"; };
		CEC254B228BDEFE700FD6852 /* InfoViewModel.swift */ = {isa = PBXFileReference; lastKnownFileType = sourcecode.swift; path = InfoViewModel.swift; sourceTree = "<group>"; };
		CEC5B093289C2AA90018A46D /* UserService.swift */ = {isa = PBXFileReference; lastKnownFileType = sourcecode.swift; path = UserService.swift; sourceTree = "<group>"; };
		CEC5B095289C2AE10018A46D /* TestUserService.swift */ = {isa = PBXFileReference; lastKnownFileType = sourcecode.swift; path = TestUserService.swift; sourceTree = "<group>"; };
		CEC5B097289C2C050018A46D /* CurrentUserService.swift */ = {isa = PBXFileReference; lastKnownFileType = sourcecode.swift; path = CurrentUserService.swift; sourceTree = "<group>"; };
		CEC7D2F6290D5F460013E18D /* FileManagerTableViewController.swift */ = {isa = PBXFileReference; lastKnownFileType = sourcecode.swift; path = FileManagerTableViewController.swift; sourceTree = "<group>"; };
		CEC8627828CA241800799361 /* BruteForce.swift */ = {isa = PBXFileReference; lastKnownFileType = sourcecode.swift; path = BruteForce.swift; sourceTree = "<group>"; };
		CEC8627A28CA273000799361 /* GenerateRandomPassword.swift */ = {isa = PBXFileReference; lastKnownFileType = sourcecode.swift; path = GenerateRandomPassword.swift; sourceTree = "<group>"; };
		CECA1FD828814910000595A4 /* StorageService.framework */ = {isa = PBXFileReference; explicitFileType = wrapper.framework; includeInIndex = 0; path = StorageService.framework; sourceTree = BUILT_PRODUCTS_DIR; };
		CECA1FDA28814911000595A4 /* StorageService.h */ = {isa = PBXFileReference; lastKnownFileType = sourcecode.c.h; path = StorageService.h; sourceTree = "<group>"; };
		CECA8711293E4DDF004CB840 /* CustomAlert.swift */ = {isa = PBXFileReference; lastKnownFileType = sourcecode.swift; path = CustomAlert.swift; sourceTree = "<group>"; };
		CECA87132946440C004CB840 /* Industrial.entitlements */ = {isa = PBXFileReference; lastKnownFileType = text.plist.entitlements; path = Industrial.entitlements; sourceTree = "<group>"; };
		CECAF5FC28316D7C00258110 /* Post.swift */ = {isa = PBXFileReference; lastKnownFileType = sourcecode.swift; name = Post.swift; path = ../Post/Post.swift; sourceTree = "<group>"; };
		CECAF60228367EE700258110 /* PhotosTableViewCell.swift */ = {isa = PBXFileReference; lastKnownFileType = sourcecode.swift; path = PhotosTableViewCell.swift; sourceTree = "<group>"; };
		CECAF6042837CCCF00258110 /* PhotosViewController.swift */ = {isa = PBXFileReference; lastKnownFileType = sourcecode.swift; path = PhotosViewController.swift; sourceTree = "<group>"; };
		CECAF6062837D9CC00258110 /* PhotosCollectionViewCell.swift */ = {isa = PBXFileReference; lastKnownFileType = sourcecode.swift; path = PhotosCollectionViewCell.swift; sourceTree = "<group>"; };
		CECD182827B83C8B00D89B3F /* Industrial.app */ = {isa = PBXFileReference; explicitFileType = wrapper.application; includeInIndex = 0; path = Industrial.app; sourceTree = BUILT_PRODUCTS_DIR; };
		CECD182B27B83C8B00D89B3F /* AppDelegate.swift */ = {isa = PBXFileReference; lastKnownFileType = sourcecode.swift; path = AppDelegate.swift; sourceTree = "<group>"; };
		CECD183427B83C9000D89B3F /* Assets.xcassets */ = {isa = PBXFileReference; lastKnownFileType = folder.assetcatalog; name = Assets.xcassets; path = Industrial/Assets.xcassets; sourceTree = SOURCE_ROOT; };
		CECD183727B83C9000D89B3F /* Base */ = {isa = PBXFileReference; lastKnownFileType = file.storyboard; name = Base; path = Base.lproj/LaunchScreen.storyboard; sourceTree = "<group>"; };
		CECD183927B83C9000D89B3F /* Info.plist */ = {isa = PBXFileReference; lastKnownFileType = text.plist.xml; path = Info.plist; sourceTree = "<group>"; };
		CECD183F27BAE36400D89B3F /* FeedViewController.swift */ = {isa = PBXFileReference; lastKnownFileType = sourcecode.swift; path = FeedViewController.swift; sourceTree = "<group>"; };
		CECD184327BC401600D89B3F /* PostViewController.swift */ = {isa = PBXFileReference; lastKnownFileType = sourcecode.swift; path = PostViewController.swift; sourceTree = "<group>"; };
		CECD184527C16E1900D89B3F /* InfoViewController.swift */ = {isa = PBXFileReference; lastKnownFileType = sourcecode.swift; path = InfoViewController.swift; sourceTree = "<group>"; };
		CED0730028A813AD00DE68DD /* Checker.swift */ = {isa = PBXFileReference; lastKnownFileType = sourcecode.swift; path = Checker.swift; sourceTree = "<group>"; };
		CED0730228A8173200DE68DD /* LoginInspector.swift */ = {isa = PBXFileReference; lastKnownFileType = sourcecode.swift; path = LoginInspector.swift; sourceTree = "<group>"; };
		CED0730628A920AD00DE68DD /* LoginFactory.swift */ = {isa = PBXFileReference; lastKnownFileType = sourcecode.swift; path = LoginFactory.swift; sourceTree = "<group>"; };
		CED0730828A9212600DE68DD /* MyLoginFactory.swift */ = {isa = PBXFileReference; lastKnownFileType = sourcecode.swift; path = MyLoginFactory.swift; sourceTree = "<group>"; };
		CEDE0BC628DED73800BD3C7C /* ProfileModel.swift */ = {isa = PBXFileReference; lastKnownFileType = sourcecode.swift; path = ProfileModel.swift; sourceTree = "<group>"; };
		CEDF761029841BBC002A1267 /* MapViewController.swift */ = {isa = PBXFileReference; lastKnownFileType = sourcecode.swift; path = MapViewController.swift; sourceTree = "<group>"; };
		CEEC4A2E298AB4C400CDE39B /* en */ = {isa = PBXFileReference; lastKnownFileType = text.plist.strings; name = en; path = en.lproj/Localizable.strings; sourceTree = "<group>"; };
		CEEC4A30298AB4F000CDE39B /* ru */ = {isa = PBXFileReference; lastKnownFileType = text.plist.strings; name = ru; path = ru.lproj/LaunchScreen.strings; sourceTree = "<group>"; };
		CEEC4A31298AB4F100CDE39B /* ru */ = {isa = PBXFileReference; lastKnownFileType = text.plist.strings; name = ru; path = ru.lproj/Localizable.strings; sourceTree = "<group>"; };
		CEEC4A33298AB55100CDE39B /* ExtensionForLocalizing.swift */ = {isa = PBXFileReference; lastKnownFileType = sourcecode.swift; path = ExtensionForLocalizing.swift; sourceTree = "<group>"; };
		CEEC4A3A298BBF2700CDE39B /* ru */ = {isa = PBXFileReference; lastKnownFileType = text.plist.stringsdict; name = ru; path = ru.lproj/Localizable.stringsdict; sourceTree = "<group>"; };
		CEEC4A3D298BE4DF00CDE39B /* en */ = {isa = PBXFileReference; lastKnownFileType = text.plist.stringsdict; name = en; path = en.lproj/Localizable.stringsdict; sourceTree = "<group>"; };
/* End PBXFileReference section */

/* Begin PBXFrameworksBuildPhase section */
		CECA1FD528814910000595A4 /* Frameworks */ = {
			isa = PBXFrameworksBuildPhase;
			buildActionMask = 2147483647;
			files = (
				229DF33E3B74A480436A3DCC /* Pods_StorageService.framework in Frameworks */,
			);
			runOnlyForDeploymentPostprocessing = 0;
		};
		CECD182527B83C8B00D89B3F /* Frameworks */ = {
			isa = PBXFrameworksBuildPhase;
			buildActionMask = 2147483647;
			files = (
				CED0730C28AA901D00DE68DD /* iOSIntPackage in Frameworks */,
				CECCC81928FF096F00BEAC28 /* FirebaseAuth in Frameworks */,
				CECCC82128FF096F00BEAC28 /* FirebaseStorage in Frameworks */,
				CECA1FDE28814911000595A4 /* StorageService.framework in Frameworks */,
				CE0E1D44294A448600AFA1D9 /* Realm in Frameworks */,
				CECCC81B28FF096F00BEAC28 /* FirebaseCrashlytics in Frameworks */,
				CECCC81728FF096F00BEAC28 /* FirebaseAnalytics in Frameworks */,
				CECCC81F28FF096F00BEAC28 /* FirebaseFirestore in Frameworks */,
				CE0E1D46294A448600AFA1D9 /* RealmSwift in Frameworks */,
				CECCC81D28FF096F00BEAC28 /* FirebaseDatabase in Frameworks */,
				5330A5035B8438C69BF3CD9B /* Pods_Industrial.framework in Frameworks */,
			);
			runOnlyForDeploymentPostprocessing = 0;
		};
/* End PBXFrameworksBuildPhase section */

/* Begin PBXGroup section */
		B010C07330312AD5B2E31B3A /* Frameworks */ = {
			isa = PBXGroup;
			children = (
				1B7F808191D6C47BE9A555A3 /* Pods_Industrial.framework */,
				33F0B5924E81DC562A6F1D92 /* Pods_StorageService.framework */,
			);
			name = Frameworks;
			sourceTree = "<group>";
		};
		CE02BA5928AE9D560084C663 /* CustomElements */ = {
			isa = PBXGroup;
			children = (
				CE02BA5A28AE9D8E0084C663 /* CustomButton.swift */,
				CECA8711293E4DDF004CB840 /* CustomAlert.swift */,
			);
			path = CustomElements;
			sourceTree = "<group>";
		};
		CE02BA5C28AF85260084C663 /* Feed - MVVM */ = {
			isa = PBXGroup;
			children = (
				CECD183F27BAE36400D89B3F /* FeedViewController.swift */,
				CEC254AE28BAA2C800FD6852 /* FeedViewModel.swift */,
				CE02BA5D28AF85480084C663 /* FeedModel.swift */,
				CECD184327BC401600D89B3F /* PostViewController.swift */,
				CEC254B028BDEE9700FD6852 /* PostViewModel.swift */,
				CE89E04128F41E10007F321E /* NetworkService.swift */,
				CECD184527C16E1900D89B3F /* InfoViewController.swift */,
				CEC254B228BDEFE700FD6852 /* InfoViewModel.swift */,
				CE6F109D28F893F100DDCB67 /* JasonModel.swift */,
			);
			path = "Feed - MVVM";
			sourceTree = "<group>";
		};
		CE094AC827CFA1370076C5A8 /* Profile */ = {
			isa = PBXGroup;
			children = (
				CECAF5FC28316D7C00258110 /* Post.swift */,
				CEC171D5280C60F200C0B95E /* LogInViewController.swift */,
				CED0730228A8173200DE68DD /* LoginInspector.swift */,
				CE094AC927CFA1860076C5A8 /* ProfileHeaderView.swift */,
				CEDE0BC628DED73800BD3C7C /* ProfileModel.swift */,
				CE094ACD27CFA1F20076C5A8 /* ProfileViewController.swift */,
				CECAF60228367EE700258110 /* PhotosTableViewCell.swift */,
				CECAF6062837D9CC00258110 /* PhotosCollectionViewCell.swift */,
				CECAF6042837CCCF00258110 /* PhotosViewController.swift */,
				CEC0B89B283C00CC00041DC5 /* Photos.swift */,
				CEBC07C92822CE50009B3AC4 /* PostTableViewCell.swift */,
				CE750989289826D1004F76B6 /* User.swift */,
				CEC5B093289C2AA90018A46D /* UserService.swift */,
				CE93B66B2900596100B7E7FA /* CheckerService.swift */,
				CEC5B095289C2AE10018A46D /* TestUserService.swift */,
				CEC5B097289C2C050018A46D /* CurrentUserService.swift */,
				CED0730028A813AD00DE68DD /* Checker.swift */,
				CEC8627828CA241800799361 /* BruteForce.swift */,
				CEC8627A28CA273000799361 /* GenerateRandomPassword.swift */,
				CE0E1D49294DA65A00AFA1D9 /* LoginRealmModel.swift */,
				CEB1845A296AF22400A26EF7 /* FavoritesCell.swift */,
				CEB1845E296B3C1400A26EF7 /* FavoritesTableViewController.swift */,
				CEB18460296B565600A26EF7 /* FavoritesCoreData.swift */,
				CEB18462296C8FE000A26EF7 /* PostFavExtension.swift */,
				CEB18464296C998C00A26EF7 /* Pods.xcodeproj */,
			);
			path = Profile;
			sourceTree = "<group>";
		};
		CEB1845929675E0500A26EF7 /* CoreData */ = {
			isa = PBXGroup;
			children = (
				CEB1845629675DF000A26EF7 /* Industrial.xcdatamodeld */,
			);
			path = CoreData;
			sourceTree = "<group>";
		};
		CEB18465296C998C00A26EF7 /* Products */ = {
			isa = PBXGroup;
			children = (
				CEB1846B296C998D00A26EF7 /* Pods-Industrial */,
				CEB1846D296C998D00A26EF7 /* Pods-StorageService */,
				CEB1846F296C998D00A26EF7 /* SnapKit */,
			);
			name = Products;
			sourceTree = "<group>";
		};
		CEC2549E28B76AA700FD6852 /* Coordinators */ = {
			isa = PBXGroup;
			children = (
				CEC2549F28B76ABE00FD6852 /* MainCoordinator.swift */,
				CEC254A628B777DD00FD6852 /* FeedCoordinator.swift */,
				CEC254A828B777F500FD6852 /* ProfileCoordinator.swift */,
			);
			path = Coordinators;
			sourceTree = "<group>";
		};
		CEC254A128B76B9F00FD6852 /* TabBarController */ = {
			isa = PBXGroup;
			children = (
				CEC254A228B76BDC00FD6852 /* MainTabBarController.swift */,
			);
			path = TabBarController;
			sourceTree = "<group>";
		};
		CEC7D2F5290D5F050013E18D /* FileManager */ = {
			isa = PBXGroup;
			children = (
				CEC7D2F6290D5F460013E18D /* FileManagerTableViewController.swift */,
				CE9E34E0293CA73800FC1428 /* PasswordView.swift */,
				CE9E34E2293CABB800FC1428 /* SettingsTableViewController.swift */,
			);
			path = FileManager;
			sourceTree = "<group>";
		};
		CECA1FD928814911000595A4 /* StorageService */ = {
			isa = PBXGroup;
			children = (
				CECA1FDA28814911000595A4 /* StorageService.h */,
			);
			path = StorageService;
			sourceTree = "<group>";
		};
		CECD181F27B83C8B00D89B3F = {
			isa = PBXGroup;
			children = (
				CEEC4A32298AB52100CDE39B /* Localizing */,
				CEB1845929675E0500A26EF7 /* CoreData */,
				CECD182A27B83C8B00D89B3F /* Industrial */,
				CECA1FD928814911000595A4 /* StorageService */,
				CECD182927B83C8B00D89B3F /* Products */,
				D367114465DACCC7A31A112D /* Pods */,
				B010C07330312AD5B2E31B3A /* Frameworks */,
			);
			sourceTree = "<group>";
		};
		CECD182927B83C8B00D89B3F /* Products */ = {
			isa = PBXGroup;
			children = (
				CECD182827B83C8B00D89B3F /* Industrial.app */,
				CECA1FD828814910000595A4 /* StorageService.framework */,
			);
			name = Products;
			sourceTree = "<group>";
		};
		CECD182A27B83C8B00D89B3F /* Industrial */ = {
			isa = PBXGroup;
			children = (
				CECA87132946440C004CB840 /* Industrial.entitlements */,
				CEC254A128B76B9F00FD6852 /* TabBarController */,
				CE02BA5928AE9D560084C663 /* CustomElements */,
				CEC2549E28B76AA700FD6852 /* Coordinators */,
				CED0730528A9209700DE68DD /* Factory */,
				CEDF760F29841B81002A1267 /* MapView */,
				CE02BA5C28AF85260084C663 /* Feed - MVVM */,
				CEC7D2F5290D5F050013E18D /* FileManager */,
				CE094AC827CFA1370076C5A8 /* Profile */,
				CECD182B27B83C8B00D89B3F /* AppDelegate.swift */,
				CECD183427B83C9000D89B3F /* Assets.xcassets */,
				CECD183627B83C9000D89B3F /* LaunchScreen.storyboard */,
				CE93B66928FFF9F000B7E7FA /* GoogleService-Info.plist */,
				CECD183927B83C9000D89B3F /* Info.plist */,
			);
			path = Industrial;
			sourceTree = "<group>";
		};
		CED0730528A9209700DE68DD /* Factory */ = {
			isa = PBXGroup;
			children = (
				CED0730628A920AD00DE68DD /* LoginFactory.swift */,
				CED0730828A9212600DE68DD /* MyLoginFactory.swift */,
				CEC254A428B76CA300FD6852 /* NavControllerFactory.swift */,
				CEC254AA28B7905100FD6852 /* ViewControllerFactory.swift */,
			);
			path = Factory;
			sourceTree = "<group>";
		};
		CEDF760F29841B81002A1267 /* MapView */ = {
			isa = PBXGroup;
			children = (
				CEDF761029841BBC002A1267 /* MapViewController.swift */,
			);
			path = MapView;
			sourceTree = "<group>";
		};
		CEEC4A32298AB52100CDE39B /* Localizing */ = {
			isa = PBXGroup;
			children = (
				CEEC4A2F298AB4C400CDE39B /* Localizable.strings */,
				CEEC4A33298AB55100CDE39B /* ExtensionForLocalizing.swift */,
				CEEC4A3B298BBF2700CDE39B /* Localizable.stringsdict */,
			);
			path = Localizing;
			sourceTree = "<group>";
		};
		D367114465DACCC7A31A112D /* Pods */ = {
			isa = PBXGroup;
			children = (
				2215E92831FD4E6C71E3A7D1 /* Pods-Industrial.debug.xcconfig */,
				B58226E1E15DBDED37C7A6EB /* Pods-Industrial.release.xcconfig */,
				A6F69F3405C09525E009341F /* Pods-StorageService.debug.xcconfig */,
				21A0F5B5F879BF4D2A066533 /* Pods-StorageService.release.xcconfig */,
			);
			path = Pods;
			sourceTree = "<group>";
		};
/* End PBXGroup section */

/* Begin PBXHeadersBuildPhase section */
		CECA1FD328814910000595A4 /* Headers */ = {
			isa = PBXHeadersBuildPhase;
			buildActionMask = 2147483647;
			files = (
				CECA1FDB28814911000595A4 /* StorageService.h in Headers */,
			);
			runOnlyForDeploymentPostprocessing = 0;
		};
/* End PBXHeadersBuildPhase section */

/* Begin PBXNativeTarget section */
		CECA1FD728814910000595A4 /* StorageService */ = {
			isa = PBXNativeTarget;
			buildConfigurationList = CECA1FE028814911000595A4 /* Build configuration list for PBXNativeTarget "StorageService" */;
			buildPhases = (
				E0695E0DE0FD778FF7FAD70E /* [CP] Check Pods Manifest.lock */,
				CECA1FD328814910000595A4 /* Headers */,
				CECA1FD428814910000595A4 /* Sources */,
				CECA1FD528814910000595A4 /* Frameworks */,
				CECA1FD628814910000595A4 /* Resources */,
			);
			buildRules = (
			);
			dependencies = (
			);
			name = StorageService;
			productName = StorageService;
			productReference = CECA1FD828814910000595A4 /* StorageService.framework */;
			productType = "com.apple.product-type.framework";
		};
		CECD182727B83C8B00D89B3F /* Industrial */ = {
			isa = PBXNativeTarget;
			buildConfigurationList = CECD183C27B83C9000D89B3F /* Build configuration list for PBXNativeTarget "Industrial" */;
			buildPhases = (
				549B696E4CC624B776F1BAA7 /* [CP] Check Pods Manifest.lock */,
				CECD182427B83C8B00D89B3F /* Sources */,
				CECD182527B83C8B00D89B3F /* Frameworks */,
				CECD182627B83C8B00D89B3F /* Resources */,
				CECA1FE328814911000595A4 /* Embed Frameworks */,
				7D27A3C14D44C24C3F035FBD /* [CP] Embed Pods Frameworks */,
			);
			buildRules = (
			);
			dependencies = (
				CECA1FDD28814911000595A4 /* PBXTargetDependency */,
			);
			name = Industrial;
			packageProductDependencies = (
				CED0730B28AA901D00DE68DD /* iOSIntPackage */,
				CECCC81628FF096F00BEAC28 /* FirebaseAnalytics */,
				CECCC81828FF096F00BEAC28 /* FirebaseAuth */,
				CECCC81A28FF096F00BEAC28 /* FirebaseCrashlytics */,
				CECCC81C28FF096F00BEAC28 /* FirebaseDatabase */,
				CECCC81E28FF096F00BEAC28 /* FirebaseFirestore */,
				CECCC82028FF096F00BEAC28 /* FirebaseStorage */,
				CE0E1D43294A448600AFA1D9 /* Realm */,
				CE0E1D45294A448600AFA1D9 /* RealmSwift */,
			);
			productName = Navigation;
			productReference = CECD182827B83C8B00D89B3F /* Industrial.app */;
			productType = "com.apple.product-type.application";
		};
/* End PBXNativeTarget section */

/* Begin PBXProject section */
		CECD182027B83C8B00D89B3F /* Project object */ = {
			isa = PBXProject;
			attributes = {
				BuildIndependentTargetsInParallel = 1;
				LastSwiftUpdateCheck = 1310;
				LastUpgradeCheck = 1310;
				TargetAttributes = {
					CECA1FD728814910000595A4 = {
						CreatedOnToolsVersion = 13.1;
					};
					CECD182727B83C8B00D89B3F = {
						CreatedOnToolsVersion = 13.1;
					};
				};
			};
			buildConfigurationList = CECD182327B83C8B00D89B3F /* Build configuration list for PBXProject "Industrial" */;
			compatibilityVersion = "Xcode 13.0";
			developmentRegion = en;
			hasScannedForEncodings = 0;
			knownRegions = (
				en,
				Base,
				ru,
			);
			mainGroup = CECD181F27B83C8B00D89B3F;
			packageReferences = (
				CED0730A28AA901D00DE68DD /* XCRemoteSwiftPackageReference "iOSIntPackage" */,
				CECCC81528FF096F00BEAC28 /* XCRemoteSwiftPackageReference "firebase-ios-sdk" */,
				CE0E1D42294A448600AFA1D9 /* XCRemoteSwiftPackageReference "realm-swift" */,
			);
			productRefGroup = CECD182927B83C8B00D89B3F /* Products */;
			projectDirPath = "";
			projectReferences = (
				{
					ProductGroup = CEB18465296C998C00A26EF7 /* Products */;
					ProjectRef = CEB18464296C998C00A26EF7 /* Pods.xcodeproj */;
				},
			);
			projectRoot = "";
			targets = (
				CECD182727B83C8B00D89B3F /* Industrial */,
				CECA1FD728814910000595A4 /* StorageService */,
			);
		};
/* End PBXProject section */

/* Begin PBXReferenceProxy section */
		CEB1846B296C998D00A26EF7 /* Pods-Industrial */ = {
			isa = PBXReferenceProxy;
			fileType = wrapper.framework;
			name = "Pods-Industrial";
			path = Pods_Industrial.framework;
			remoteRef = CEB1846A296C998D00A26EF7 /* PBXContainerItemProxy */;
			sourceTree = BUILT_PRODUCTS_DIR;
		};
		CEB1846D296C998D00A26EF7 /* Pods-StorageService */ = {
			isa = PBXReferenceProxy;
			fileType = wrapper.framework;
			name = "Pods-StorageService";
			path = Pods_StorageService.framework;
			remoteRef = CEB1846C296C998D00A26EF7 /* PBXContainerItemProxy */;
			sourceTree = BUILT_PRODUCTS_DIR;
		};
		CEB1846F296C998D00A26EF7 /* SnapKit */ = {
			isa = PBXReferenceProxy;
			fileType = wrapper.framework;
			name = SnapKit;
			path = SnapKit.framework;
			remoteRef = CEB1846E296C998D00A26EF7 /* PBXContainerItemProxy */;
			sourceTree = BUILT_PRODUCTS_DIR;
		};
/* End PBXReferenceProxy section */

/* Begin PBXResourcesBuildPhase section */
		CECA1FD628814910000595A4 /* Resources */ = {
			isa = PBXResourcesBuildPhase;
			buildActionMask = 2147483647;
			files = (
			);
			runOnlyForDeploymentPostprocessing = 0;
		};
		CECD182627B83C8B00D89B3F /* Resources */ = {
			isa = PBXResourcesBuildPhase;
			buildActionMask = 2147483647;
			files = (
				CECD183827B83C9000D89B3F /* LaunchScreen.storyboard in Resources */,
				CEEC4A2D298AB4C400CDE39B /* Localizable.strings in Resources */,
				CECD183527B83C9000D89B3F /* Assets.xcassets in Resources */,
				CEEC4A39298BBF2700CDE39B /* Localizable.stringsdict in Resources */,
				CE93B66A28FFF9F100B7E7FA /* GoogleService-Info.plist in Resources */,
			);
			runOnlyForDeploymentPostprocessing = 0;
		};
/* End PBXResourcesBuildPhase section */

/* Begin PBXShellScriptBuildPhase section */
		549B696E4CC624B776F1BAA7 /* [CP] Check Pods Manifest.lock */ = {
			isa = PBXShellScriptBuildPhase;
			buildActionMask = 2147483647;
			files = (
			);
			inputFileListPaths = (
			);
			inputPaths = (
				"${PODS_PODFILE_DIR_PATH}/Podfile.lock",
				"${PODS_ROOT}/Manifest.lock",
			);
			name = "[CP] Check Pods Manifest.lock";
			outputFileListPaths = (
			);
			outputPaths = (
				"$(DERIVED_FILE_DIR)/Pods-Industrial-checkManifestLockResult.txt",
			);
			runOnlyForDeploymentPostprocessing = 0;
			shellPath = /bin/sh;
			shellScript = "diff \"${PODS_PODFILE_DIR_PATH}/Podfile.lock\" \"${PODS_ROOT}/Manifest.lock\" > /dev/null\nif [ $? != 0 ] ; then\n    # print error to STDERR\n    echo \"error: The sandbox is not in sync with the Podfile.lock. Run 'pod install' or update your CocoaPods installation.\" >&2\n    exit 1\nfi\n# This output is used by Xcode 'outputs' to avoid re-running this script phase.\necho \"SUCCESS\" > \"${SCRIPT_OUTPUT_FILE_0}\"\n";
			showEnvVarsInLog = 0;
		};
		7D27A3C14D44C24C3F035FBD /* [CP] Embed Pods Frameworks */ = {
			isa = PBXShellScriptBuildPhase;
			buildActionMask = 2147483647;
			files = (
			);
			inputFileListPaths = (
				"${PODS_ROOT}/Target Support Files/Pods-Industrial/Pods-Industrial-frameworks-${CONFIGURATION}-input-files.xcfilelist",
			);
			name = "[CP] Embed Pods Frameworks";
			outputFileListPaths = (
				"${PODS_ROOT}/Target Support Files/Pods-Industrial/Pods-Industrial-frameworks-${CONFIGURATION}-output-files.xcfilelist",
			);
			runOnlyForDeploymentPostprocessing = 0;
			shellPath = /bin/sh;
			shellScript = "\"${PODS_ROOT}/Target Support Files/Pods-Industrial/Pods-Industrial-frameworks.sh\"\n";
			showEnvVarsInLog = 0;
		};
		E0695E0DE0FD778FF7FAD70E /* [CP] Check Pods Manifest.lock */ = {
			isa = PBXShellScriptBuildPhase;
			buildActionMask = 2147483647;
			files = (
			);
			inputFileListPaths = (
			);
			inputPaths = (
				"${PODS_PODFILE_DIR_PATH}/Podfile.lock",
				"${PODS_ROOT}/Manifest.lock",
			);
			name = "[CP] Check Pods Manifest.lock";
			outputFileListPaths = (
			);
			outputPaths = (
				"$(DERIVED_FILE_DIR)/Pods-StorageService-checkManifestLockResult.txt",
			);
			runOnlyForDeploymentPostprocessing = 0;
			shellPath = /bin/sh;
			shellScript = "diff \"${PODS_PODFILE_DIR_PATH}/Podfile.lock\" \"${PODS_ROOT}/Manifest.lock\" > /dev/null\nif [ $? != 0 ] ; then\n    # print error to STDERR\n    echo \"error: The sandbox is not in sync with the Podfile.lock. Run 'pod install' or update your CocoaPods installation.\" >&2\n    exit 1\nfi\n# This output is used by Xcode 'outputs' to avoid re-running this script phase.\necho \"SUCCESS\" > \"${SCRIPT_OUTPUT_FILE_0}\"\n";
			showEnvVarsInLog = 0;
		};
/* End PBXShellScriptBuildPhase section */

/* Begin PBXSourcesBuildPhase section */
		CECA1FD428814910000595A4 /* Sources */ = {
			isa = PBXSourcesBuildPhase;
			buildActionMask = 2147483647;
			files = (
			);
			runOnlyForDeploymentPostprocessing = 0;
		};
		CECD182427B83C8B00D89B3F /* Sources */ = {
			isa = PBXSourcesBuildPhase;
			buildActionMask = 2147483647;
			files = (
				CEC254B128BDEE9700FD6852 /* PostViewModel.swift in Sources */,
				CEB18463296C8FE000A26EF7 /* PostFavExtension.swift in Sources */,
				CEC5B098289C2C050018A46D /* CurrentUserService.swift in Sources */,
				CEC254A028B76ABE00FD6852 /* MainCoordinator.swift in Sources */,
				CEC254A328B76BDC00FD6852 /* MainTabBarController.swift in Sources */,
				CEC5B096289C2AE10018A46D /* TestUserService.swift in Sources */,
				CECD184427BC401600D89B3F /* PostViewController.swift in Sources */,
				CEB1845829675DF000A26EF7 /* Industrial.xcdatamodeld in Sources */,
				CEC254B328BDEFE700FD6852 /* InfoViewModel.swift in Sources */,
				CE02BA5E28AF85480084C663 /* FeedModel.swift in Sources */,
				CEB18461296B565600A26EF7 /* FavoritesCoreData.swift in Sources */,
				CED0730928A9212600DE68DD /* MyLoginFactory.swift in Sources */,
				CEC254A928B777F500FD6852 /* ProfileCoordinator.swift in Sources */,
				CEB1845F296B3C1400A26EF7 /* FavoritesTableViewController.swift in Sources */,
				CECD182C27B83C8B00D89B3F /* AppDelegate.swift in Sources */,
				CEC8627928CA241800799361 /* BruteForce.swift in Sources */,
				CED0730328A8173200DE68DD /* LoginInspector.swift in Sources */,
				CEC7D2F7290D5F460013E18D /* FileManagerTableViewController.swift in Sources */,
				CECAF60328367EE700258110 /* PhotosTableViewCell.swift in Sources */,
				CECAF6072837D9CC00258110 /* PhotosCollectionViewCell.swift in Sources */,
				CEDE0BC728DED73800BD3C7C /* ProfileModel.swift in Sources */,
				CED0730128A813AD00DE68DD /* Checker.swift in Sources */,
				CE094ACA27CFA1860076C5A8 /* ProfileHeaderView.swift in Sources */,
				CE75098A289826D1004F76B6 /* User.swift in Sources */,
				CEC254AB28B7905100FD6852 /* ViewControllerFactory.swift in Sources */,
				CEC0B89C283C00CC00041DC5 /* Photos.swift in Sources */,
				CEB1845B296AF22400A26EF7 /* FavoritesCell.swift in Sources */,
				CEC171D6280C60F200C0B95E /* LogInViewController.swift in Sources */,
				CE89E04228F41E10007F321E /* NetworkService.swift in Sources */,
				CECD184627C16E1A00D89B3F /* InfoViewController.swift in Sources */,
				CED0730728A920AD00DE68DD /* LoginFactory.swift in Sources */,
				CE0E1D4A294DA65A00AFA1D9 /* LoginRealmModel.swift in Sources */,
				CE93B66C2900596100B7E7FA /* CheckerService.swift in Sources */,
				CECA8712293E4DDF004CB840 /* CustomAlert.swift in Sources */,
				CEDF761129841BBC002A1267 /* MapViewController.swift in Sources */,
				CEC254AF28BAA2C800FD6852 /* FeedViewModel.swift in Sources */,
				CECD184027BAE36400D89B3F /* FeedViewController.swift in Sources */,
				CEEC4A34298AB55100CDE39B /* ExtensionForLocalizing.swift in Sources */,
				CEC254A528B76CA300FD6852 /* NavControllerFactory.swift in Sources */,
				CEC254AC28BAA24500FD6852 /* Post.swift in Sources */,
				CEC5B094289C2AAA0018A46D /* UserService.swift in Sources */,
				CE02BA5B28AE9D8E0084C663 /* CustomButton.swift in Sources */,
				CE094ACE27CFA1F20076C5A8 /* ProfileViewController.swift in Sources */,
				CECAF6052837CCCF00258110 /* PhotosViewController.swift in Sources */,
				CE9E34E1293CA73800FC1428 /* PasswordView.swift in Sources */,
				CEC254A728B777DD00FD6852 /* FeedCoordinator.swift in Sources */,
				CE9E34E3293CABB800FC1428 /* SettingsTableViewController.swift in Sources */,
				CE6F109E28F893F100DDCB67 /* JasonModel.swift in Sources */,
				CEC8627B28CA273000799361 /* GenerateRandomPassword.swift in Sources */,
				CEBC07CA2822CE50009B3AC4 /* PostTableViewCell.swift in Sources */,
			);
			runOnlyForDeploymentPostprocessing = 0;
		};
/* End PBXSourcesBuildPhase section */

/* Begin PBXTargetDependency section */
		CECA1FDD28814911000595A4 /* PBXTargetDependency */ = {
			isa = PBXTargetDependency;
			target = CECA1FD728814910000595A4 /* StorageService */;
			targetProxy = CECA1FDC28814911000595A4 /* PBXContainerItemProxy */;
		};
/* End PBXTargetDependency section */

/* Begin PBXVariantGroup section */
		CECD183627B83C9000D89B3F /* LaunchScreen.storyboard */ = {
			isa = PBXVariantGroup;
			children = (
				CECD183727B83C9000D89B3F /* Base */,
				CEEC4A30298AB4F000CDE39B /* ru */,
			);
			name = LaunchScreen.storyboard;
			sourceTree = "<group>";
		};
		CEEC4A2F298AB4C400CDE39B /* Localizable.strings */ = {
			isa = PBXVariantGroup;
			children = (
				CEEC4A2E298AB4C400CDE39B /* en */,
				CEEC4A31298AB4F100CDE39B /* ru */,
			);
			name = Localizable.strings;
			sourceTree = "<group>";
		};
		CEEC4A3B298BBF2700CDE39B /* Localizable.stringsdict */ = {
			isa = PBXVariantGroup;
			children = (
				CEEC4A3A298BBF2700CDE39B /* ru */,
				CEEC4A3D298BE4DF00CDE39B /* en */,
			);
			name = Localizable.stringsdict;
			sourceTree = "<group>";
		};
/* End PBXVariantGroup section */

/* Begin XCBuildConfiguration section */
		CECA1FE128814911000595A4 /* Debug */ = {
			isa = XCBuildConfiguration;
			baseConfigurationReference = A6F69F3405C09525E009341F /* Pods-StorageService.debug.xcconfig */;
			buildSettings = {
				BUILD_LIBRARY_FOR_DISTRIBUTION = YES;
				CODE_SIGN_STYLE = Automatic;
				CURRENT_PROJECT_VERSION = 1;
				DEFINES_MODULE = YES;
				DEVELOPMENT_TEAM = FYSS8G4VY5;
				DYLIB_COMPATIBILITY_VERSION = 1;
				DYLIB_CURRENT_VERSION = 1;
				DYLIB_INSTALL_NAME_BASE = "@rpath";
				GENERATE_INFOPLIST_FILE = YES;
				INFOPLIST_KEY_NSHumanReadableCopyright = "";
				INSTALL_PATH = "$(LOCAL_LIBRARY_DIR)/Frameworks";
				LD_RUNPATH_SEARCH_PATHS = (
					"$(inherited)",
					"@executable_path/Frameworks",
					"@loader_path/Frameworks",
				);
				MARKETING_VERSION = 1.0;
				PRODUCT_BUNDLE_IDENTIFIER = DG.StorageService;
				PRODUCT_NAME = "$(TARGET_NAME:c99extidentifier)";
				SKIP_INSTALL = YES;
				SWIFT_EMIT_LOC_STRINGS = YES;
				SWIFT_VERSION = 5.0;
				TARGETED_DEVICE_FAMILY = "1,2";
				VERSIONING_SYSTEM = "apple-generic";
				VERSION_INFO_PREFIX = "";
			};
			name = Debug;
		};
		CECA1FE228814911000595A4 /* Release */ = {
			isa = XCBuildConfiguration;
			baseConfigurationReference = 21A0F5B5F879BF4D2A066533 /* Pods-StorageService.release.xcconfig */;
			buildSettings = {
				BUILD_LIBRARY_FOR_DISTRIBUTION = YES;
				CODE_SIGN_STYLE = Automatic;
				CURRENT_PROJECT_VERSION = 1;
				DEFINES_MODULE = YES;
				DEVELOPMENT_TEAM = FYSS8G4VY5;
				DYLIB_COMPATIBILITY_VERSION = 1;
				DYLIB_CURRENT_VERSION = 1;
				DYLIB_INSTALL_NAME_BASE = "@rpath";
				GENERATE_INFOPLIST_FILE = YES;
				INFOPLIST_KEY_NSHumanReadableCopyright = "";
				INSTALL_PATH = "$(LOCAL_LIBRARY_DIR)/Frameworks";
				LD_RUNPATH_SEARCH_PATHS = (
					"$(inherited)",
					"@executable_path/Frameworks",
					"@loader_path/Frameworks",
				);
				MARKETING_VERSION = 1.0;
				PRODUCT_BUNDLE_IDENTIFIER = DG.StorageService;
				PRODUCT_NAME = "$(TARGET_NAME:c99extidentifier)";
				SKIP_INSTALL = YES;
				SWIFT_EMIT_LOC_STRINGS = YES;
				SWIFT_VERSION = 5.0;
				TARGETED_DEVICE_FAMILY = "1,2";
				VERSIONING_SYSTEM = "apple-generic";
				VERSION_INFO_PREFIX = "";
			};
			name = Release;
		};
		CECD183A27B83C9000D89B3F /* Debug */ = {
			isa = XCBuildConfiguration;
			buildSettings = {
				ALWAYS_SEARCH_USER_PATHS = NO;
				BUILD_LIBRARY_FOR_DISTRIBUTION = YES;
				CLANG_ANALYZER_LOCALIZABILITY_NONLOCALIZED = YES;
				CLANG_ANALYZER_NONNULL = YES;
				CLANG_ANALYZER_NUMBER_OBJECT_CONVERSION = YES_AGGRESSIVE;
				CLANG_CXX_LANGUAGE_STANDARD = "gnu++17";
				CLANG_CXX_LIBRARY = "libc++";
				CLANG_ENABLE_MODULES = YES;
				CLANG_ENABLE_OBJC_ARC = YES;
				CLANG_ENABLE_OBJC_WEAK = YES;
				CLANG_WARN_BLOCK_CAPTURE_AUTORELEASING = YES;
				CLANG_WARN_BOOL_CONVERSION = YES;
				CLANG_WARN_COMMA = YES;
				CLANG_WARN_CONSTANT_CONVERSION = YES;
				CLANG_WARN_DEPRECATED_OBJC_IMPLEMENTATIONS = YES;
				CLANG_WARN_DIRECT_OBJC_ISA_USAGE = YES_ERROR;
				CLANG_WARN_DOCUMENTATION_COMMENTS = YES;
				CLANG_WARN_EMPTY_BODY = YES;
				CLANG_WARN_ENUM_CONVERSION = YES;
				CLANG_WARN_INFINITE_RECURSION = YES;
				CLANG_WARN_INT_CONVERSION = YES;
				CLANG_WARN_NON_LITERAL_NULL_CONVERSION = YES;
				CLANG_WARN_OBJC_IMPLICIT_RETAIN_SELF = YES;
				CLANG_WARN_OBJC_LITERAL_CONVERSION = YES;
				CLANG_WARN_OBJC_ROOT_CLASS = YES_ERROR;
				CLANG_WARN_QUOTED_INCLUDE_IN_FRAMEWORK_HEADER = YES;
				CLANG_WARN_RANGE_LOOP_ANALYSIS = YES;
				CLANG_WARN_STRICT_PROTOTYPES = YES;
				CLANG_WARN_SUSPICIOUS_MOVE = YES;
				CLANG_WARN_UNGUARDED_AVAILABILITY = YES_AGGRESSIVE;
				CLANG_WARN_UNREACHABLE_CODE = YES;
				CLANG_WARN__DUPLICATE_METHOD_MATCH = YES;
				COPY_PHASE_STRIP = NO;
				DEBUG_INFORMATION_FORMAT = dwarf;
				ENABLE_STRICT_OBJC_MSGSEND = YES;
				ENABLE_TESTABILITY = YES;
				GCC_C_LANGUAGE_STANDARD = gnu11;
				GCC_DYNAMIC_NO_PIC = NO;
				GCC_NO_COMMON_BLOCKS = YES;
				GCC_OPTIMIZATION_LEVEL = 0;
				GCC_PREPROCESSOR_DEFINITIONS = (
					"DEBUG=1",
					"$(inherited)",
				);
				GCC_WARN_64_TO_32_BIT_CONVERSION = YES;
				GCC_WARN_ABOUT_RETURN_TYPE = YES_ERROR;
				GCC_WARN_UNDECLARED_SELECTOR = YES;
				GCC_WARN_UNINITIALIZED_AUTOS = YES_AGGRESSIVE;
				GCC_WARN_UNUSED_FUNCTION = YES;
				GCC_WARN_UNUSED_VARIABLE = YES;
				IPHONEOS_DEPLOYMENT_TARGET = 15.0;
				MTL_ENABLE_DEBUG_INFO = INCLUDE_SOURCE;
				MTL_FAST_MATH = YES;
				ONLY_ACTIVE_ARCH = YES;
				SDKROOT = iphoneos;
				SWIFT_ACTIVE_COMPILATION_CONDITIONS = DEBUG;
				SWIFT_OPTIMIZATION_LEVEL = "-Onone";
			};
			name = Debug;
		};
		CECD183B27B83C9000D89B3F /* Release */ = {
			isa = XCBuildConfiguration;
			buildSettings = {
				ALWAYS_SEARCH_USER_PATHS = NO;
				BUILD_LIBRARY_FOR_DISTRIBUTION = YES;
				CLANG_ANALYZER_LOCALIZABILITY_NONLOCALIZED = YES;
				CLANG_ANALYZER_NONNULL = YES;
				CLANG_ANALYZER_NUMBER_OBJECT_CONVERSION = YES_AGGRESSIVE;
				CLANG_CXX_LANGUAGE_STANDARD = "gnu++17";
				CLANG_CXX_LIBRARY = "libc++";
				CLANG_ENABLE_MODULES = YES;
				CLANG_ENABLE_OBJC_ARC = YES;
				CLANG_ENABLE_OBJC_WEAK = YES;
				CLANG_WARN_BLOCK_CAPTURE_AUTORELEASING = YES;
				CLANG_WARN_BOOL_CONVERSION = YES;
				CLANG_WARN_COMMA = YES;
				CLANG_WARN_CONSTANT_CONVERSION = YES;
				CLANG_WARN_DEPRECATED_OBJC_IMPLEMENTATIONS = YES;
				CLANG_WARN_DIRECT_OBJC_ISA_USAGE = YES_ERROR;
				CLANG_WARN_DOCUMENTATION_COMMENTS = YES;
				CLANG_WARN_EMPTY_BODY = YES;
				CLANG_WARN_ENUM_CONVERSION = YES;
				CLANG_WARN_INFINITE_RECURSION = YES;
				CLANG_WARN_INT_CONVERSION = YES;
				CLANG_WARN_NON_LITERAL_NULL_CONVERSION = YES;
				CLANG_WARN_OBJC_IMPLICIT_RETAIN_SELF = YES;
				CLANG_WARN_OBJC_LITERAL_CONVERSION = YES;
				CLANG_WARN_OBJC_ROOT_CLASS = YES_ERROR;
				CLANG_WARN_QUOTED_INCLUDE_IN_FRAMEWORK_HEADER = YES;
				CLANG_WARN_RANGE_LOOP_ANALYSIS = YES;
				CLANG_WARN_STRICT_PROTOTYPES = YES;
				CLANG_WARN_SUSPICIOUS_MOVE = YES;
				CLANG_WARN_UNGUARDED_AVAILABILITY = YES_AGGRESSIVE;
				CLANG_WARN_UNREACHABLE_CODE = YES;
				CLANG_WARN__DUPLICATE_METHOD_MATCH = YES;
				COPY_PHASE_STRIP = NO;
				DEBUG_INFORMATION_FORMAT = "dwarf-with-dsym";
				ENABLE_NS_ASSERTIONS = NO;
				ENABLE_STRICT_OBJC_MSGSEND = YES;
				GCC_C_LANGUAGE_STANDARD = gnu11;
				GCC_NO_COMMON_BLOCKS = YES;
				GCC_WARN_64_TO_32_BIT_CONVERSION = YES;
				GCC_WARN_ABOUT_RETURN_TYPE = YES_ERROR;
				GCC_WARN_UNDECLARED_SELECTOR = YES;
				GCC_WARN_UNINITIALIZED_AUTOS = YES_AGGRESSIVE;
				GCC_WARN_UNUSED_FUNCTION = YES;
				GCC_WARN_UNUSED_VARIABLE = YES;
				IPHONEOS_DEPLOYMENT_TARGET = 15.0;
				MTL_ENABLE_DEBUG_INFO = NO;
				MTL_FAST_MATH = YES;
				SDKROOT = iphoneos;
				SWIFT_ACTIVE_COMPILATION_CONDITIONS = RELEASE;
				SWIFT_COMPILATION_MODE = wholemodule;
				SWIFT_OPTIMIZATION_LEVEL = "-O";
				VALIDATE_PRODUCT = YES;
			};
			name = Release;
		};
		CECD183D27B83C9000D89B3F /* Debug */ = {
			isa = XCBuildConfiguration;
			baseConfigurationReference = 2215E92831FD4E6C71E3A7D1 /* Pods-Industrial.debug.xcconfig */;
			buildSettings = {
				ASSETCATALOG_COMPILER_APPICON_NAME = AppIcon;
				ASSETCATALOG_COMPILER_GLOBAL_ACCENT_COLOR_NAME = AccentColor;
				BUILD_LIBRARY_FOR_DISTRIBUTION = NO;
				CODE_SIGN_ENTITLEMENTS = Industrial/Industrial.entitlements;
				CODE_SIGN_STYLE = Automatic;
				CURRENT_PROJECT_VERSION = 1;
				DEVELOPMENT_TEAM = FYSS8G4VY5;
				GENERATE_INFOPLIST_FILE = YES;
				INFOPLIST_FILE = Industrial/Info.plist;
				INFOPLIST_KEY_CFBundleDisplayName = "";
				INFOPLIST_KEY_LSApplicationCategoryType = "";
				INFOPLIST_KEY_NSCameraUsageDescription = "This app is going to use your camera";
				INFOPLIST_KEY_NSLocationAlwaysAndWhenInUseUsageDescription = "This app is going to use your location";
				INFOPLIST_KEY_NSLocationWhenInUseUsageDescription = "This app is going to use your location";
				INFOPLIST_KEY_NSPhotoLibraryUsageDescription = "This app is going to use your photos";
				INFOPLIST_KEY_UIApplicationSupportsIndirectInputEvents = YES;
				INFOPLIST_KEY_UILaunchStoryboardName = LaunchScreen;
				INFOPLIST_KEY_UISupportedInterfaceOrientations_iPad = "UIInterfaceOrientationPortrait UIInterfaceOrientationPortrait UIInterfaceOrientationPortraitUpsideDown UIInterfaceOrientationLandscapeLeft UIInterfaceOrientationLandscapeRight";
				INFOPLIST_KEY_UISupportedInterfaceOrientations_iPhone = "UIInterfaceOrientationPortrait UIInterfaceOrientationLandscapeLeft UIInterfaceOrientationLandscapeRight";
				LD_RUNPATH_SEARCH_PATHS = (
					"$(inherited)",
					"@executable_path/Frameworks",
				);
				MARKETING_VERSION = 1.0;
				PRODUCT_BUNDLE_IDENTIFIER = DG.Industrial;
				PRODUCT_NAME = "$(TARGET_NAME)";
				SWIFT_EMIT_LOC_STRINGS = YES;
				SWIFT_VERSION = 5.0;
				TARGETED_DEVICE_FAMILY = 1;
			};
			name = Debug;
		};
		CECD183E27B83C9000D89B3F /* Release */ = {
			isa = XCBuildConfiguration;
			baseConfigurationReference = B58226E1E15DBDED37C7A6EB /* Pods-Industrial.release.xcconfig */;
			buildSettings = {
				ASSETCATALOG_COMPILER_APPICON_NAME = AppIcon;
				ASSETCATALOG_COMPILER_GLOBAL_ACCENT_COLOR_NAME = AccentColor;
				BUILD_LIBRARY_FOR_DISTRIBUTION = NO;
				CODE_SIGN_ENTITLEMENTS = Industrial/Industrial.entitlements;
				CODE_SIGN_STYLE = Automatic;
				CURRENT_PROJECT_VERSION = 1;
				DEVELOPMENT_TEAM = FYSS8G4VY5;
				GENERATE_INFOPLIST_FILE = YES;
				INFOPLIST_FILE = Industrial/Info.plist;
				INFOPLIST_KEY_CFBundleDisplayName = "";
				INFOPLIST_KEY_LSApplicationCategoryType = "";
				INFOPLIST_KEY_NSCameraUsageDescription = "This app is going to use your camera";
				INFOPLIST_KEY_NSLocationAlwaysAndWhenInUseUsageDescription = "This app is going to use your location";
				INFOPLIST_KEY_NSLocationWhenInUseUsageDescription = "This app is going to use your location";
				INFOPLIST_KEY_NSPhotoLibraryUsageDescription = "This app is going to use your photos";
				INFOPLIST_KEY_UIApplicationSupportsIndirectInputEvents = YES;
				INFOPLIST_KEY_UILaunchStoryboardName = LaunchScreen;
				INFOPLIST_KEY_UISupportedInterfaceOrientations_iPad = "UIInterfaceOrientationPortrait UIInterfaceOrientationPortrait UIInterfaceOrientationPortraitUpsideDown UIInterfaceOrientationLandscapeLeft UIInterfaceOrientationLandscapeRight";
				INFOPLIST_KEY_UISupportedInterfaceOrientations_iPhone = "UIInterfaceOrientationPortrait UIInterfaceOrientationLandscapeLeft UIInterfaceOrientationLandscapeRight";
				LD_RUNPATH_SEARCH_PATHS = (
					"$(inherited)",
					"@executable_path/Frameworks",
				);
				MARKETING_VERSION = 1.0;
				PRODUCT_BUNDLE_IDENTIFIER = DG.Industrial;
				PRODUCT_NAME = "$(TARGET_NAME)";
				SWIFT_EMIT_LOC_STRINGS = YES;
				SWIFT_VERSION = 5.0;
				TARGETED_DEVICE_FAMILY = 1;
			};
			name = Release;
		};
/* End XCBuildConfiguration section */

/* Begin XCConfigurationList section */
		CECA1FE028814911000595A4 /* Build configuration list for PBXNativeTarget "StorageService" */ = {
			isa = XCConfigurationList;
			buildConfigurations = (
				CECA1FE128814911000595A4 /* Debug */,
				CECA1FE228814911000595A4 /* Release */,
			);
			defaultConfigurationIsVisible = 0;
			defaultConfigurationName = Release;
		};
		CECD182327B83C8B00D89B3F /* Build configuration list for PBXProject "Industrial" */ = {
			isa = XCConfigurationList;
			buildConfigurations = (
				CECD183A27B83C9000D89B3F /* Debug */,
				CECD183B27B83C9000D89B3F /* Release */,
			);
			defaultConfigurationIsVisible = 0;
			defaultConfigurationName = Release;
		};
		CECD183C27B83C9000D89B3F /* Build configuration list for PBXNativeTarget "Industrial" */ = {
			isa = XCConfigurationList;
			buildConfigurations = (
				CECD183D27B83C9000D89B3F /* Debug */,
				CECD183E27B83C9000D89B3F /* Release */,
			);
			defaultConfigurationIsVisible = 0;
			defaultConfigurationName = Release;
		};
/* End XCConfigurationList section */

/* Begin XCRemoteSwiftPackageReference section */
		CE0E1D42294A448600AFA1D9 /* XCRemoteSwiftPackageReference "realm-swift" */ = {
			isa = XCRemoteSwiftPackageReference;
			repositoryURL = "https://github.com/realm/realm-swift.git";
			requirement = {
				kind = upToNextMajorVersion;
				minimumVersion = 10.33.0;
			};
		};
		CECCC81528FF096F00BEAC28 /* XCRemoteSwiftPackageReference "firebase-ios-sdk" */ = {
			isa = XCRemoteSwiftPackageReference;
			repositoryURL = "https://github.com/firebase/firebase-ios-sdk";
			requirement = {
				kind = upToNextMajorVersion;
				minimumVersion = 9.0.0;
			};
		};
		CED0730A28AA901D00DE68DD /* XCRemoteSwiftPackageReference "iOSIntPackage" */ = {
			isa = XCRemoteSwiftPackageReference;
			repositoryURL = "https://github.com/TrueMax/iOSIntPackage";
			requirement = {
				branch = imagepublisher;
				kind = branch;
			};
		};
/* End XCRemoteSwiftPackageReference section */

/* Begin XCSwiftPackageProductDependency section */
		CE0E1D43294A448600AFA1D9 /* Realm */ = {
			isa = XCSwiftPackageProductDependency;
			package = CE0E1D42294A448600AFA1D9 /* XCRemoteSwiftPackageReference "realm-swift" */;
			productName = Realm;
		};
		CE0E1D45294A448600AFA1D9 /* RealmSwift */ = {
			isa = XCSwiftPackageProductDependency;
			package = CE0E1D42294A448600AFA1D9 /* XCRemoteSwiftPackageReference "realm-swift" */;
			productName = RealmSwift;
		};
		CECCC81628FF096F00BEAC28 /* FirebaseAnalytics */ = {
			isa = XCSwiftPackageProductDependency;
			package = CECCC81528FF096F00BEAC28 /* XCRemoteSwiftPackageReference "firebase-ios-sdk" */;
			productName = FirebaseAnalytics;
		};
		CECCC81828FF096F00BEAC28 /* FirebaseAuth */ = {
			isa = XCSwiftPackageProductDependency;
			package = CECCC81528FF096F00BEAC28 /* XCRemoteSwiftPackageReference "firebase-ios-sdk" */;
			productName = FirebaseAuth;
		};
		CECCC81A28FF096F00BEAC28 /* FirebaseCrashlytics */ = {
			isa = XCSwiftPackageProductDependency;
			package = CECCC81528FF096F00BEAC28 /* XCRemoteSwiftPackageReference "firebase-ios-sdk" */;
			productName = FirebaseCrashlytics;
		};
		CECCC81C28FF096F00BEAC28 /* FirebaseDatabase */ = {
			isa = XCSwiftPackageProductDependency;
			package = CECCC81528FF096F00BEAC28 /* XCRemoteSwiftPackageReference "firebase-ios-sdk" */;
			productName = FirebaseDatabase;
		};
		CECCC81E28FF096F00BEAC28 /* FirebaseFirestore */ = {
			isa = XCSwiftPackageProductDependency;
			package = CECCC81528FF096F00BEAC28 /* XCRemoteSwiftPackageReference "firebase-ios-sdk" */;
			productName = FirebaseFirestore;
		};
		CECCC82028FF096F00BEAC28 /* FirebaseStorage */ = {
			isa = XCSwiftPackageProductDependency;
			package = CECCC81528FF096F00BEAC28 /* XCRemoteSwiftPackageReference "firebase-ios-sdk" */;
			productName = FirebaseStorage;
		};
		CED0730B28AA901D00DE68DD /* iOSIntPackage */ = {
			isa = XCSwiftPackageProductDependency;
			package = CED0730A28AA901D00DE68DD /* XCRemoteSwiftPackageReference "iOSIntPackage" */;
			productName = iOSIntPackage;
		};
/* End XCSwiftPackageProductDependency section */

/* Begin XCVersionGroup section */
		CEB1845629675DF000A26EF7 /* Industrial.xcdatamodeld */ = {
			isa = XCVersionGroup;
			children = (
				CEB1845729675DF000A26EF7 /* Industrial.xcdatamodel */,
			);
			currentVersion = CEB1845729675DF000A26EF7 /* Industrial.xcdatamodel */;
			path = Industrial.xcdatamodeld;
			sourceTree = "<group>";
			versionGroupType = wrapper.xcdatamodel;
		};
/* End XCVersionGroup section */
	};
	rootObject = CECD182027B83C8B00D89B3F /* Project object */;
}
